[[package]]
name = "krust"
version = "0.1.0"
dependencies = [
 "register 0.2.1 (registry+https://github.com/rust-lang/crates.io-index)",
]

[[package]]
name = "register"
version = "0.2.1"
source = "registry+https://github.com/rust-lang/crates.io-index"
dependencies = [
 "tock-registers 0.2.0 (registry+https://github.com/rust-lang/crates.io-index)",
]

[[package]]
name = "tock-registers"
version = "0.2.0"
source = "registry+https://github.com/rust-lang/crates.io-index"

[metadata]
"checksum register 0.2.1 (registry+https://github.com/rust-lang/crates.io-index)" = "e10f31b6d2299e5620986ad9fcdd66463e125ad72af4f403f9aedf7592d5ccdb"
"checksum tock-registers 0.2.0 (registry+https://github.com/rust-lang/crates.io-index)" = "3a385d94f3f62e60445a0adb9ff8d9621faa272234530d4c0f848ec98f88e316"
